
Microsoft Visual Studio Solution File, Format Version 12.00
# Visual Studio Version 17
VisualStudioVersion = 17.9.34728.123
MinimumVisualStudioVersion = 10.0.40219.1
Project("{9A19103F-16F7-4668-BE54-9A1E7A4F7556}") = "AptekaKg", "AptekaKg.csproj", "{11F23717-DD60-4AB3-9755-42291CBD37A5}"
EndProject
Global
	GlobalSection(SolutionConfigurationPlatforms) = preSolution
		Debug|Any CPU = Debug|Any CPU
		Release|Any CPU = Release|Any CPU
	EndGlobalSection
	GlobalSection(ProjectConfigurationPlatforms) = postSolution
		{11F23717-DD60-4AB3-9755-42291CBD37A5}.Debug|Any CPU.ActiveCfg = Debug|Any CPU
		{11F23717-DD60-4AB3-9755-42291CBD37A5}.Debug|Any CPU.Build.0 = Debug|Any CPU
		{11F23717-DD60-4AB3-9755-42291CBD37A5}.Release|Any CPU.ActiveCfg = Release|Any CPU
		{11F23717-DD60-4AB3-9755-42291CBD37A5}.Release|Any CPU.Build.0 = Release|Any CPU
	EndGlobalSection
	GlobalSection(SolutionProperties) = preSolution
		HideSolutionNode = FALSE
	EndGlobalSection
	GlobalSection(ExtensibilityGlobals) = postSolution
		SolutionGuid = {FEA48A2C-D34A-42D0-8307-0A285CBEDBBD}
	EndGlobalSection
EndGlobal
